
Microsoft Visual Studio Solution File, Format Version 12.00
# Visual Studio Version 16
VisualStudioVersion = 16.0.31702.278
MinimumVisualStudioVersion = 10.0.40219.1
Project("{FAE04EC0-301F-11D3-BF4B-00C04F79EFBC}") = "PowerBallDatabase", "PowerBallDatabase\PowerBallDatabase.csproj", "{363C5343-3B0F-42A9-9861-8B6352AB117E}"
EndProject
Project("{FAE04EC0-301F-11D3-BF4B-00C04F79EFBC}") = "PowerBallDatabasexUnitTest", "PowerBallDatabasexUnitTest\PowerBallDatabasexUnitTest.csproj", "{5C82D29A-7853-425D-8725-86C394F34EFA}"
EndProject
Global
	GlobalSection(SolutionConfigurationPlatforms) = preSolution
		Debug|Any CPU = Debug|Any CPU
		Release|Any CPU = Release|Any CPU
	EndGlobalSection
	GlobalSection(ProjectConfigurationPlatforms) = postSolution
		{363C5343-3B0F-42A9-9861-8B6352AB117E}.Debug|Any CPU.ActiveCfg = Debug|Any CPU
		{363C5343-3B0F-42A9-9861-8B6352AB117E}.Debug|Any CPU.Build.0 = Debug|Any CPU
		{363C5343-3B0F-42A9-9861-8B6352AB117E}.Release|Any CPU.ActiveCfg = Release|Any CPU
		{363C5343-3B0F-42A9-9861-8B6352AB117E}.Release|Any CPU.Build.0 = Release|Any CPU
		{5C82D29A-7853-425D-8725-86C394F34EFA}.Debug|Any CPU.ActiveCfg = Debug|Any CPU
		{5C82D29A-7853-425D-8725-86C394F34EFA}.Debug|Any CPU.Build.0 = Debug|Any CPU
		{5C82D29A-7853-425D-8725-86C394F34EFA}.Release|Any CPU.ActiveCfg = Release|Any CPU
		{5C82D29A-7853-425D-8725-86C394F34EFA}.Release|Any CPU.Build.0 = Release|Any CPU
	EndGlobalSection
	GlobalSection(SolutionProperties) = preSolution
		HideSolutionNode = FALSE
	EndGlobalSection
	GlobalSection(ExtensibilityGlobals) = postSolution
		SolutionGuid = {359A672D-749C-480F-9E8A-E8F24DF3B464}
	EndGlobalSection
EndGlobal
